<?xml version="1.0" encoding="utf-8"?>
<Project ToolsVersion="17.0" xmlns="http://schemas.microsoft.com/developer/msbuild/2003">
  <ItemGroup>
    <None Include="..\..\InfectedCity.uproject" />
    <Filter Include="Source">
      <UniqueIdentifier>{F31BBDD1-B3E8-3BCC-9652-680E16935819}</UniqueIdentifier>
    </Filter>
    <None Include="..\..\.editorconfig" />
    <None Include="..\..\.gitattributes" />
    <None Include="..\..\.gitignore" />
    <None Include="..\..\.vsconfig" />
    <None Include="..\..\shadertoolsconfig.json" />
    <Filter Include="Config">
      <UniqueIdentifier>{FA535FFB-25E1-3D20-B416-52F9BE21E06E}</UniqueIdentifier>
    </Filter>
    <None Include="..\..\Config\DefaultEditor.ini">
      <Filter>Config</Filter>
    </None>
    <None Include="..\..\Config\DefaultEditorPerProjectUserSettings.ini">
      <Filter>Config</Filter>
    </None>
    <None Include="..\..\Config\DefaultEngine.ini">
      <Filter>Config</Filter>
    </None>
    <None Include="..\..\Config\DefaultGame.ini">
      <Filter>Config</Filter>
    </None>
    <None Include="..\..\Config\DefaultInput.ini">
      <Filter>Config</Filter>
    </None>
    <Filter Include="Plugins">
      <UniqueIdentifier>{BB38096A-B391-30DC-A0D4-4F3EA6B44507}</UniqueIdentifier>
    </Filter>
    <Filter Include="Plugins\UEGitPlugin-3.16">
      <UniqueIdentifier>{05A89678-C840-3542-B48D-173B2E0D5192}</UniqueIdentifier>
    </Filter>
    <Filter Include="Plugins\UEGitPlugin-3.16\Source">
      <UniqueIdentifier>{3CB06C43-9822-3937-9D67-49F56B95E10A}</UniqueIdentifier>
    </Filter>
    <Filter Include="Plugins\UEGitPlugin-3.16\Source\GitSourceControl">
      <UniqueIdentifier>{E84DEB8A-AA50-3576-B27B-B7D0EBE0AB1E}</UniqueIdentifier>
    </Filter>
    <None Include="..\..\Plugins\UEGitPlugin-3.16\Source\GitSourceControl\GitSourceControl.Build.cs">
      <Filter>Plugins\UEGitPlugin-3.16\Source\GitSourceControl</Filter>
    </None>
    <Filter Include="Plugins\UEGitPlugin-3.16\Source\GitSourceControl\Private">
      <UniqueIdentifier>{5B478451-F06F-387B-9C20-6D021B248F73}</UniqueIdentifier>
    </Filter>
    <ClCompile Include="..\..\Plugins\UEGitPlugin-3.16\Source\GitSourceControl\Private\GitMessageLog.h">
      <Filter>Plugins\UEGitPlugin-3.16\Source\GitSourceControl\Private</Filter>
    </ClCompile>
    <ClCompile Include="..\..\Plugins\UEGitPlugin-3.16\Source\GitSourceControl\Private\GitSourceControlChangelist.cpp">
      <Filter>Plugins\UEGitPlugin-3.16\Source\GitSourceControl\Private</Filter>
    </ClCompile>
    <ClCompile Include="..\..\Plugins\UEGitPlugin-3.16\Source\GitSourceControl\Private\GitSourceControlChangelist.h">
      <Filter>Plugins\UEGitPlugin-3.16\Source\GitSourceControl\Private</Filter>
    </ClCompile>
    <ClCompile Include="..\..\Plugins\UEGitPlugin-3.16\Source\GitSourceControl\Private\GitSourceControlChangelistState.cpp">
      <Filter>Plugins\UEGitPlugin-3.16\Source\GitSourceControl\Private</Filter>
    </ClCompile>
    <ClCompile Include="..\..\Plugins\UEGitPlugin-3.16\Source\GitSourceControl\Private\GitSourceControlChangelistState.h">
      <Filter>Plugins\UEGitPlugin-3.16\Source\GitSourceControl\Private</Filter>
    </ClCompile>
    <ClCompile Include="..\..\Plugins\UEGitPlugin-3.16\Source\GitSourceControl\Private\GitSourceControlCommand.cpp">
      <Filter>Plugins\UEGitPlugin-3.16\Source\GitSourceControl\Private</Filter>
    </ClCompile>
    <ClCompile Include="..\..\Plugins\UEGitPlugin-3.16\Source\GitSourceControl\Private\GitSourceControlCommand.h">
      <Filter>Plugins\UEGitPlugin-3.16\Source\GitSourceControl\Private</Filter>
    </ClCompile>
    <ClCompile Include="..\..\Plugins\UEGitPlugin-3.16\Source\GitSourceControl\Private\GitSourceControlConsole.cpp">
      <Filter>Plugins\UEGitPlugin-3.16\Source\GitSourceControl\Private</Filter>
    </ClCompile>
    <ClCompile Include="..\..\Plugins\UEGitPlugin-3.16\Source\GitSourceControl\Private\GitSourceControlConsole.h">
      <Filter>Plugins\UEGitPlugin-3.16\Source\GitSourceControl\Private</Filter>
    </ClCompile>
    <ClCompile Include="..\..\Plugins\UEGitPlugin-3.16\Source\GitSourceControl\Private\GitSourceControlMenu.cpp">
      <Filter>Plugins\UEGitPlugin-3.16\Source\GitSourceControl\Private</Filter>
    </ClCompile>
    <ClCompile Include="..\..\Plugins\UEGitPlugin-3.16\Source\GitSourceControl\Private\GitSourceControlMenu.h">
      <Filter>Plugins\UEGitPlugin-3.16\Source\GitSourceControl\Private</Filter>
    </ClCompile>
    <ClCompile Include="..\..\Plugins\UEGitPlugin-3.16\Source\GitSourceControl\Private\GitSourceControlModule.cpp">
      <Filter>Plugins\UEGitPlugin-3.16\Source\GitSourceControl\Private</Filter>
    </ClCompile>
    <ClCompile Include="..\..\Plugins\UEGitPlugin-3.16\Source\GitSourceControl\Private\GitSourceControlModule.h">
      <Filter>Plugins\UEGitPlugin-3.16\Source\GitSourceControl\Private</Filter>
    </ClCompile>
    <ClCompile Include="..\..\Plugins\UEGitPlugin-3.16\Source\GitSourceControl\Private\GitSourceControlOperations.cpp">
      <Filter>Plugins\UEGitPlugin-3.16\Source\GitSourceControl\Private</Filter>
    </ClCompile>
    <ClCompile Include="..\..\Plugins\UEGitPlugin-3.16\Source\GitSourceControl\Private\GitSourceControlOperations.h">
      <Filter>Plugins\UEGitPlugin-3.16\Source\GitSourceControl\Private</Filter>
    </ClCompile>
    <ClCompile Include="..\..\Plugins\UEGitPlugin-3.16\Source\GitSourceControl\Private\GitSourceControlProvider.cpp">
      <Filter>Plugins\UEGitPlugin-3.16\Source\GitSourceControl\Private</Filter>
    </ClCompile>
    <ClCompile Include="..\..\Plugins\UEGitPlugin-3.16\Source\GitSourceControl\Private\GitSourceControlProvider.h">
      <Filter>Plugins\UEGitPlugin-3.16\Source\GitSourceControl\Private</Filter>
    </ClCompile>
    <ClCompile Include="..\..\Plugins\UEGitPlugin-3.16\Source\GitSourceControl\Private\GitSourceControlRevision.cpp">
      <Filter>Plugins\UEGitPlugin-3.16\Source\GitSourceControl\Private</Filter>
    </ClCompile>
    <ClCompile Include="..\..\Plugins\UEGitPlugin-3.16\Source\GitSourceControl\Private\GitSourceControlRevision.h">
      <Filter>Plugins\UEGitPlugin-3.16\Source\GitSourceControl\Private</Filter>
    </ClCompile>
    <ClCompile Include="..\..\Plugins\UEGitPlugin-3.16\Source\GitSourceControl\Private\GitSourceControlRunner.cpp">
      <Filter>Plugins\UEGitPlugin-3.16\Source\GitSourceControl\Private</Filter>
    </ClCompile>
    <ClCompile Include="..\..\Plugins\UEGitPlugin-3.16\Source\GitSourceControl\Private\GitSourceControlRunner.h">
      <Filter>Plugins\UEGitPlugin-3.16\Source\GitSourceControl\Private</Filter>
    </ClCompile>
    <ClCompile Include="..\..\Plugins\UEGitPlugin-3.16\Source\GitSourceControl\Private\GitSourceControlSettings.cpp">
      <Filter>Plugins\UEGitPlugin-3.16\Source\GitSourceControl\Private</Filter>
    </ClCompile>
    <ClCompile Include="..\..\Plugins\UEGitPlugin-3.16\Source\GitSourceControl\Private\GitSourceControlSettings.h">
      <Filter>Plugins\UEGitPlugin-3.16\Source\GitSourceControl\Private</Filter>
    </ClCompile>
    <ClCompile Include="..\..\Plugins\UEGitPlugin-3.16\Source\GitSourceControl\Private\GitSourceControlState.cpp">
      <Filter>Plugins\UEGitPlugin-3.16\Source\GitSourceControl\Private</Filter>
    </ClCompile>
    <ClCompile Include="..\..\Plugins\UEGitPlugin-3.16\Source\GitSourceControl\Private\GitSourceControlState.h">
      <Filter>Plugins\UEGitPlugin-3.16\Source\GitSourceControl\Private</Filter>
    </ClCompile>
    <ClCompile Include="..\..\Plugins\UEGitPlugin-3.16\Source\GitSourceControl\Private\GitSourceControlUtils.cpp">
      <Filter>Plugins\UEGitPlugin-3.16\Source\GitSourceControl\Private</Filter>
    </ClCompile>
    <ClCompile Include="..\..\Plugins\UEGitPlugin-3.16\Source\GitSourceControl\Private\GitSourceControlUtils.h">
      <Filter>Plugins\UEGitPlugin-3.16\Source\GitSourceControl\Private</Filter>
    </ClCompile>
    <ClCompile Include="..\..\Plugins\UEGitPlugin-3.16\Source\GitSourceControl\Private\IGitSourceControlWorker.h">
      <Filter>Plugins\UEGitPlugin-3.16\Source\GitSourceControl\Private</Filter>
    </ClCompile>
    <ClCompile Include="..\..\Plugins\UEGitPlugin-3.16\Source\GitSourceControl\Private\SGitSourceControlSettings.cpp">
      <Filter>Plugins\UEGitPlugin-3.16\Source\GitSourceControl\Private</Filter>
    </ClCompile>
    <ClCompile Include="..\..\Plugins\UEGitPlugin-3.16\Source\GitSourceControl\Private\SGitSourceControlSettings.h">
      <Filter>Plugins\UEGitPlugin-3.16\Source\GitSourceControl\Private</Filter>
    </ClCompile>
    <None Include="..\..\Plugins\UEGitPlugin-3.16\GitSourceControl.uplugin">
      <Filter>Plugins\UEGitPlugin-3.16</Filter>
    </None>
    <Filter Include="Plugins\UEGitPlugin-3.16\Resources">
      <UniqueIdentifier>{F7BD824C-30C2-3134-B537-0DE11A9BC350}</UniqueIdentifier>
    </Filter>
    <None Include="..\..\Plugins\UEGitPlugin-3.16\Resources\Icon128.png">
      <Filter>Plugins\UEGitPlugin-3.16\Resources</Filter>
    </None>
    <Filter Include="Source\InfectedCity">
      <UniqueIdentifier>{A86BDC0B-1CAD-3A2B-8C75-A3869B0C29FD}</UniqueIdentifier>
    </Filter>
    <Filter Include="Source\InfectedCity\Private">
      <UniqueIdentifier>{FF77722C-2921-3837-A4F9-D587E59116A9}</UniqueIdentifier>
    </Filter>
    <ClCompile Include="..\..\Source\InfectedCity\Private\Interactable\Interactable.cpp">
      <Filter>Source\InfectedCity\00.GameObjects\Interactable</Filter>
    </ClCompile>
    <ClCompile Include="..\..\Source\InfectedCity\Private\Interactable\Light\InteractLight.cpp">
      <Filter>Source\InfectedCity\00.GameObjects\Interactable\Light</Filter>
    </ClCompile>
    <ClCompile Include="..\..\Source\InfectedCity\Private\InteractManager\InteractManager.cpp">
      <Filter>Source\InfectedCity\01.Utility\InteractManager</Filter>
    </ClCompile>
    <Filter Include="Source\InfectedCity\Public">
      <UniqueIdentifier>{FE900D8A-5229-3A76-B968-72C66ABF49D4}</UniqueIdentifier>
    </Filter>
    <None Include="..\..\Source\InfectedCity\InfectedCity.Build.cs">
      <Filter>Source\InfectedCity\99.Default</Filter>
    </None>
    <None Include="..\..\Source\InfectedCity.Target.cs">
      <Filter>Source\InfectedCity\99.Default</Filter>
    </None>
    <None Include="..\..\Source\InfectedCityEditor.Target.cs">
      <Filter>Source\InfectedCity\99.Default</Filter>
    </None>
    <None Include="..\..\BackupFilter.bat" />
    <None Include="..\..\RestoreFilter.bat" />
  </ItemGroup>
  <ItemGroup>
    <Filter Include="Source\InfectedCity\99.Default">
      <UniqueIdentifier>{51b8d81d-fa55-4231-a9c2-6eb5ef4658d5}</UniqueIdentifier>
    </Filter>
    <Filter Include="Source\InfectedCity\00.GameObjects">
      <UniqueIdentifier>{c5b7cc7b-66ae-4df2-ad89-f35f3577d8f1}</UniqueIdentifier>
    </Filter>
    <Filter Include="Source\InfectedCity\01.Utility">
      <UniqueIdentifier>{d58a9410-a29e-4b80-826f-dee37560b0e2}</UniqueIdentifier>
    </Filter>
    <Filter Include="Source\InfectedCity\01.Utility\InteractManager">
      <UniqueIdentifier>{4B7F3AD4-DF20-3349-B731-6914AEB63CE1}</UniqueIdentifier>
    </Filter>
    <Filter Include="Source\InfectedCity\00.GameObjects\Interactable">
      <UniqueIdentifier>{CCAF119F-B43C-3D07-9E1B-4C58BB189CCD}</UniqueIdentifier>
    </Filter>
    <Filter Include="Source\InfectedCity\00.GameObjects\Interactable\Light">
      <UniqueIdentifier>{1CEB2536-3201-3557-A5CB-0E26A6BEFC68}</UniqueIdentifier>
    </Filter>
    <Filter Include="Source\InfectedCity\00.GameObjects\PlayerCharacter">
      <UniqueIdentifier>{927a5d17-af7b-45e3-ad53-165b31f7c325}</UniqueIdentifier>
    </Filter>
    <Filter Include="Source\InfectedCity\00.GameObjects\EnemyCharacter">
      <UniqueIdentifier>{237c0811-96d8-422e-8702-0f835c773221}</UniqueIdentifier>
    </Filter>
  </ItemGroup>
  <ItemGroup>
    <ClCompile Include="..\..\Source\InfectedCity\InfectedCity.cpp">
      <Filter>Source\InfectedCity\99.Default</Filter>
    </ClCompile>
    <ClCompile Include="..\..\Source\InfectedCity\InfectedCity.h">
      <Filter>Source\InfectedCity\99.Default</Filter>
    </ClCompile>
    <ClCompile Include="..\..\Source\InfectedCity\InfectedCityCharacter.cpp">
      <Filter>Source\InfectedCity\99.Default</Filter>
    </ClCompile>
    <ClCompile Include="..\..\Source\InfectedCity\InfectedCityCharacter.h">
      <Filter>Source\InfectedCity\99.Default</Filter>
    </ClCompile>
    <ClCompile Include="..\..\Source\InfectedCity\InfectedCityGameMode.cpp">
      <Filter>Source\InfectedCity\99.Default</Filter>
    </ClCompile>
    <ClCompile Include="..\..\Source\InfectedCity\InfectedCityGameMode.h">
      <Filter>Source\InfectedCity\99.Default</Filter>
    </ClCompile>
    <ClCompile Include="..\..\Source\InfectedCity\Public\InteractManager\InteractManager.h">
      <Filter>Source\InfectedCity\01.Utility\InteractManager</Filter>
    </ClCompile>
    <ClCompile Include="..\..\Source\InfectedCity\Public\Interactable\Interactable.h">
      <Filter>Source\InfectedCity\00.GameObjects\Interactable</Filter>
    </ClCompile>
    <ClCompile Include="..\..\Source\InfectedCity\Public\Interactable\Light\InteractLight.h">
      <Filter>Source\InfectedCity\00.GameObjects\Interactable\Light</Filter>
    </ClCompile>
    <ClCompile Include="..\..\Source\InfectedCity\Public\PlayerCharacter.h">
      <Filter>Source\InfectedCity\00.GameObjects\PlayerCharacter</Filter>
    </ClCompile>
    <ClCompile Include="..\..\Source\InfectedCity\Private\PlayerCharacter.cpp">
      <Filter>Source\InfectedCity\00.GameObjects\PlayerCharacter</Filter>
    </ClCompile>
    <ClCompile Include="..\..\Source\InfectedCity\Private\EnemyCharacter.cpp">
      <Filter>Source\InfectedCity\00.GameObjects\EnemyCharacter</Filter>
    </ClCompile>
    <ClCompile Include="..\..\Source\InfectedCity\Public\EnemyCharacter.h">
      <Filter>Source\InfectedCity\00.GameObjects\EnemyCharacter</Filter>
    </ClCompile>
  </ItemGroup>
</Project>