<?xml version="1.0" encoding="utf-8"?>
<Project ToolsVersion="17.0" xmlns="http://schemas.microsoft.com/developer/msbuild/2003">
  <ItemGroup>
    <Filter Include="Source">
      <UniqueIdentifier>{F31BBDD1-B3E8-3BCC-9652-680E16935819}</UniqueIdentifier>
    </Filter>
    <Filter Include="Config">
      <UniqueIdentifier>{FA535FFB-25E1-3D20-B416-52F9BE21E06E}</UniqueIdentifier>
    </Filter>
    <None Include="..\..\Config\DefaultEditor.ini">
      <Filter>Config</Filter>
    </None>
    <None Include="..\..\Config\DefaultEditorPerProjectUserSettings.ini">
      <Filter>Config</Filter>
    </None>
    <None Include="..\..\Config\DefaultEngine.ini">
      <Filter>Config</Filter>
    </None>
    <None Include="..\..\Config\DefaultGame.ini">
      <Filter>Config</Filter>
    </None>
    <None Include="..\..\Config\DefaultInput.ini">
      <Filter>Config</Filter>
    </None>
    <Filter Include="Plugins">
      <UniqueIdentifier>{BB38096A-B391-30DC-A0D4-4F3EA6B44507}</UniqueIdentifier>
    </Filter>
    <Filter Include="Plugins\UEGitPlugin-3.16">
      <UniqueIdentifier>{05A89678-C840-3542-B48D-173B2E0D5192}</UniqueIdentifier>
    </Filter>
    <Filter Include="Plugins\UEGitPlugin-3.16\Source">
      <UniqueIdentifier>{3CB06C43-9822-3937-9D67-49F56B95E10A}</UniqueIdentifier>
    </Filter>
    <Filter Include="Plugins\UEGitPlugin-3.16\Source\GitSourceControl">
      <UniqueIdentifier>{E84DEB8A-AA50-3576-B27B-B7D0EBE0AB1E}</UniqueIdentifier>
    </Filter>
    <None Include="..\..\Plugins\UEGitPlugin-3.16\Source\GitSourceControl\GitSourceControl.Build.cs">
      <Filter>Plugins\UEGitPlugin-3.16\Source\GitSourceControl</Filter>
    </None>
    <Filter Include="Plugins\UEGitPlugin-3.16\Source\GitSourceControl\Private">
      <UniqueIdentifier>{5B478451-F06F-387B-9C20-6D021B248F73}</UniqueIdentifier>
    </Filter>
    <ClCompile Include="..\..\Plugins\UEGitPlugin-3.16\Source\GitSourceControl\Private\GitMessageLog.h">
      <Filter>Plugins\UEGitPlugin-3.16\Source\GitSourceControl\Private</Filter>
    </ClCompile>
    <ClCompile Include="..\..\Plugins\UEGitPlugin-3.16\Source\GitSourceControl\Private\GitSourceControlChangelist.cpp">
      <Filter>Plugins\UEGitPlugin-3.16\Source\GitSourceControl\Private</Filter>
    </ClCompile>
    <ClCompile Include="..\..\Plugins\UEGitPlugin-3.16\Source\GitSourceControl\Private\GitSourceControlChangelist.h">
      <Filter>Plugins\UEGitPlugin-3.16\Source\GitSourceControl\Private</Filter>
    </ClCompile>
    <ClCompile Include="..\..\Plugins\UEGitPlugin-3.16\Source\GitSourceControl\Private\GitSourceControlChangelistState.cpp">
      <Filter>Plugins\UEGitPlugin-3.16\Source\GitSourceControl\Private</Filter>
    </ClCompile>
    <ClCompile Include="..\..\Plugins\UEGitPlugin-3.16\Source\GitSourceControl\Private\GitSourceControlChangelistState.h">
      <Filter>Plugins\UEGitPlugin-3.16\Source\GitSourceControl\Private</Filter>
    </ClCompile>
    <ClCompile Include="..\..\Plugins\UEGitPlugin-3.16\Source\GitSourceControl\Private\GitSourceControlCommand.cpp">
      <Filter>Plugins\UEGitPlugin-3.16\Source\GitSourceControl\Private</Filter>
    </ClCompile>
    <ClCompile Include="..\..\Plugins\UEGitPlugin-3.16\Source\GitSourceControl\Private\GitSourceControlCommand.h">
      <Filter>Plugins\UEGitPlugin-3.16\Source\GitSourceControl\Private</Filter>
    </ClCompile>
    <ClCompile Include="..\..\Plugins\UEGitPlugin-3.16\Source\GitSourceControl\Private\GitSourceControlConsole.cpp">
      <Filter>Plugins\UEGitPlugin-3.16\Source\GitSourceControl\Private</Filter>
    </ClCompile>
    <ClCompile Include="..\..\Plugins\UEGitPlugin-3.16\Source\GitSourceControl\Private\GitSourceControlConsole.h">
      <Filter>Plugins\UEGitPlugin-3.16\Source\GitSourceControl\Private</Filter>
    </ClCompile>
    <ClCompile Include="..\..\Plugins\UEGitPlugin-3.16\Source\GitSourceControl\Private\GitSourceControlMenu.cpp">
      <Filter>Plugins\UEGitPlugin-3.16\Source\GitSourceControl\Private</Filter>
    </ClCompile>
    <ClCompile Include="..\..\Plugins\UEGitPlugin-3.16\Source\GitSourceControl\Private\GitSourceControlMenu.h">
      <Filter>Plugins\UEGitPlugin-3.16\Source\GitSourceControl\Private</Filter>
    </ClCompile>
    <ClCompile Include="..\..\Plugins\UEGitPlugin-3.16\Source\GitSourceControl\Private\GitSourceControlModule.cpp">
      <Filter>Plugins\UEGitPlugin-3.16\Source\GitSourceControl\Private</Filter>
    </ClCompile>
    <ClCompile Include="..\..\Plugins\UEGitPlugin-3.16\Source\GitSourceControl\Private\GitSourceControlModule.h">
      <Filter>Plugins\UEGitPlugin-3.16\Source\GitSourceControl\Private</Filter>
    </ClCompile>
    <ClCompile Include="..\..\Plugins\UEGitPlugin-3.16\Source\GitSourceControl\Private\GitSourceControlOperations.cpp">
      <Filter>Plugins\UEGitPlugin-3.16\Source\GitSourceControl\Private</Filter>
    </ClCompile>
    <ClCompile Include="..\..\Plugins\UEGitPlugin-3.16\Source\GitSourceControl\Private\GitSourceControlOperations.h">
      <Filter>Plugins\UEGitPlugin-3.16\Source\GitSourceControl\Private</Filter>
    </ClCompile>
    <ClCompile Include="..\..\Plugins\UEGitPlugin-3.16\Source\GitSourceControl\Private\GitSourceControlProvider.cpp">
      <Filter>Plugins\UEGitPlugin-3.16\Source\GitSourceControl\Private</Filter>
    </ClCompile>
    <ClCompile Include="..\..\Plugins\UEGitPlugin-3.16\Source\GitSourceControl\Private\GitSourceControlProvider.h">
      <Filter>Plugins\UEGitPlugin-3.16\Source\GitSourceControl\Private</Filter>
    </ClCompile>
    <ClCompile Include="..\..\Plugins\UEGitPlugin-3.16\Source\GitSourceControl\Private\GitSourceControlRevision.cpp">
      <Filter>Plugins\UEGitPlugin-3.16\Source\GitSourceControl\Private</Filter>
    </ClCompile>
    <ClCompile Include="..\..\Plugins\UEGitPlugin-3.16\Source\GitSourceControl\Private\GitSourceControlRevision.h">
      <Filter>Plugins\UEGitPlugin-3.16\Source\GitSourceControl\Private</Filter>
    </ClCompile>
    <ClCompile Include="..\..\Plugins\UEGitPlugin-3.16\Source\GitSourceControl\Private\GitSourceControlRunner.cpp">
      <Filter>Plugins\UEGitPlugin-3.16\Source\GitSourceControl\Private</Filter>
    </ClCompile>
    <ClCompile Include="..\..\Plugins\UEGitPlugin-3.16\Source\GitSourceControl\Private\GitSourceControlRunner.h">
      <Filter>Plugins\UEGitPlugin-3.16\Source\GitSourceControl\Private</Filter>
    </ClCompile>
    <ClCompile Include="..\..\Plugins\UEGitPlugin-3.16\Source\GitSourceControl\Private\GitSourceControlSettings.cpp">
      <Filter>Plugins\UEGitPlugin-3.16\Source\GitSourceControl\Private</Filter>
    </ClCompile>
    <ClCompile Include="..\..\Plugins\UEGitPlugin-3.16\Source\GitSourceControl\Private\GitSourceControlSettings.h">
      <Filter>Plugins\UEGitPlugin-3.16\Source\GitSourceControl\Private</Filter>
    </ClCompile>
    <ClCompile Include="..\..\Plugins\UEGitPlugin-3.16\Source\GitSourceControl\Private\GitSourceControlState.cpp">
      <Filter>Plugins\UEGitPlugin-3.16\Source\GitSourceControl\Private</Filter>
    </ClCompile>
    <ClCompile Include="..\..\Plugins\UEGitPlugin-3.16\Source\GitSourceControl\Private\GitSourceControlState.h">
      <Filter>Plugins\UEGitPlugin-3.16\Source\GitSourceControl\Private</Filter>
    </ClCompile>
    <ClCompile Include="..\..\Plugins\UEGitPlugin-3.16\Source\GitSourceControl\Private\GitSourceControlUtils.cpp">
      <Filter>Plugins\UEGitPlugin-3.16\Source\GitSourceControl\Private</Filter>
    </ClCompile>
    <ClCompile Include="..\..\Plugins\UEGitPlugin-3.16\Source\GitSourceControl\Private\GitSourceControlUtils.h">
      <Filter>Plugins\UEGitPlugin-3.16\Source\GitSourceControl\Private</Filter>
    </ClCompile>
    <ClCompile Include="..\..\Plugins\UEGitPlugin-3.16\Source\GitSourceControl\Private\IGitSourceControlWorker.h">
      <Filter>Plugins\UEGitPlugin-3.16\Source\GitSourceControl\Private</Filter>
    </ClCompile>
    <ClCompile Include="..\..\Plugins\UEGitPlugin-3.16\Source\GitSourceControl\Private\SGitSourceControlSettings.cpp">
      <Filter>Plugins\UEGitPlugin-3.16\Source\GitSourceControl\Private</Filter>
    </ClCompile>
    <ClCompile Include="..\..\Plugins\UEGitPlugin-3.16\Source\GitSourceControl\Private\SGitSourceControlSettings.h">
      <Filter>Plugins\UEGitPlugin-3.16\Source\GitSourceControl\Private</Filter>
    </ClCompile>
    <None Include="..\..\Plugins\UEGitPlugin-3.16\GitSourceControl.uplugin">
      <Filter>Plugins\UEGitPlugin-3.16</Filter>
    </None>
    <Filter Include="Plugins\UEGitPlugin-3.16\Resources">
      <UniqueIdentifier>{F7BD824C-30C2-3134-B537-0DE11A9BC350}</UniqueIdentifier>
    </Filter>
    <None Include="..\..\Plugins\UEGitPlugin-3.16\Resources\Icon128.png">
      <Filter>Plugins\UEGitPlugin-3.16\Resources</Filter>
    </None>
    <Filter Include="Source\InfectedCity">
      <UniqueIdentifier>{A86BDC0B-1CAD-3A2B-8C75-A3869B0C29FD}</UniqueIdentifier>
    </Filter>
    <ClCompile Include="..\..\Source\InfectedCity\Private\Interactable\Interactable.cpp">
      <Filter>Source\InfectedCity\00.GameObjects\Interactable</Filter>
    </ClCompile>
    <ClCompile Include="..\..\Source\InfectedCity\Private\Interactable\Light\InteractLight.cpp">
      <Filter>Source\InfectedCity\00.GameObjects\Interactable\Light</Filter>
    </ClCompile>
    <ClCompile Include="..\..\Source\InfectedCity\Private\InteractManager\InteractManager.cpp">
      <Filter>Source\InfectedCity\01.Utility\InteractManager</Filter>
    </ClCompile>
    <None Include="..\..\Source\InfectedCity\InfectedCity.Build.cs">
      <Filter>Source\InfectedCity\99.Default</Filter>
    </None>
    <None Include="..\..\Source\InfectedCity.Target.cs">
      <Filter>Source\InfectedCity\99.Default</Filter>
    </None>
    <None Include="..\..\Source\InfectedCityEditor.Target.cs">
      <Filter>Source\InfectedCity\99.Default</Filter>
    </None>
    <Filter Include="Source\InfectedCity\01.Utility\EnemyEffectManager">
      <UniqueIdentifier>{3fa8b6e7-3b55-405c-9b62-8b66152e4417}</UniqueIdentifier>
    </Filter>
    <Filter Include="Source\InfectedCity\98.Defines">
      <UniqueIdentifier>{d653a606-ebdb-448c-8e48-94b273945fd6}</UniqueIdentifier>
    </Filter>
    <Filter Include="Source\InfectedCity\00.GameObjects\UI">
      <UniqueIdentifier>{4aac3c4f-77d6-4b9a-a8f7-47e43779218a}</UniqueIdentifier>
    </Filter>
    <Filter Include="Source\InfectedCity\00.GameObjects\Weapon">
      <UniqueIdentifier>{7502e972-68e3-439c-92e6-2c2547a8d051}</UniqueIdentifier>
    </Filter>
    <Filter Include="Source\InfectedCity\00.GameObjects\Weapon\AKWeapon">
      <UniqueIdentifier>{7e416afa-8eb1-4f3a-ae69-ad5e0ffe80d3}</UniqueIdentifier>
    </Filter>
    <Filter Include="Source\InfectedCity\01.Utility\Effects">
      <UniqueIdentifier>{ab624d47-ffe4-4b14-a320-f9844186aa0a}</UniqueIdentifier>
    </Filter>
    <Filter Include="Source\InfectedCity\01.Utility\Effects\Manager">
      <UniqueIdentifier>{8f82e72b-62c7-43f9-920e-33fbb7b1bbaf}</UniqueIdentifier>
    </Filter>
    <Filter Include="Source\InfectedCity\01.Utility\Effects\Outline">
      <UniqueIdentifier>{6372135b-8142-47c2-a16a-14b122372085}</UniqueIdentifier>
    </Filter>
    <Filter Include="Source\InfectedCity\01.Utility\Effects\Outline\Shader">
      <UniqueIdentifier>{0950e8fd-debd-4839-9260-fdffdbd372ec}</UniqueIdentifier>
    </Filter>
    <Filter Include="Source\InfectedCity\00.GameObjects\Weapon\Bullet">
      <UniqueIdentifier>{ca45d9e5-cf4e-41f1-b70e-1bd8bfb911fe}</UniqueIdentifier>
    </Filter>
    <Filter Include="Source\InfectedCity\01.Utility\Animation">
      <UniqueIdentifier>{250d6069-d913-4dd7-89f9-b0fea82ac9c2}</UniqueIdentifier>
    </Filter>
    <Filter Include="Source\InfectedCity\01.Utility\Animation\Instance">
      <UniqueIdentifier>{eb7c84a9-d33b-42c0-9e83-b494da4292ed}</UniqueIdentifier>
    </Filter>
    <Filter Include="Source\InfectedCity\00.GameObjects\EnemyCharacter\Zombie">
      <UniqueIdentifier>{ac35e609-b1f9-40a8-8d0d-931d410da362}</UniqueIdentifier>
    </Filter>
    <Filter Include="Source\InfectedCity\01.Utility\PCG">
      <UniqueIdentifier>{4cd869c5-3f6f-424f-a6a6-45cc9d561bfb}</UniqueIdentifier>
    </Filter>
    <Filter Include="Source\InfectedCity\01.Utility\PCG\Spline">
      <UniqueIdentifier>{3eee07b1-e2f9-48c3-80d7-cee0d3ad1019}</UniqueIdentifier>
    </Filter>
    <Filter Include="Source\InfectedCity\00.GameObjects\Item">
      <UniqueIdentifier>{c1a44ac1-a429-4f57-8931-2270771d6592}</UniqueIdentifier>
    </Filter>
    <Filter Include="Source\InfectedCity\00.GameObjects\Item\Bandage">
      <UniqueIdentifier>{a66dc5e6-ad2d-444f-b983-879f983c4920}</UniqueIdentifier>
    </Filter>
    <Filter Include="Source\InfectedCity\00.GameObjects\Item\Interface">
      <UniqueIdentifier>{5d2211f7-4d7b-4bbb-80fa-1d350d9f42b5}</UniqueIdentifier>
    </Filter>
    <Filter Include="Source\InfectedCity\00.GameObjects\Item\Pill">
      <UniqueIdentifier>{e15eacf8-a1d6-46a7-aca6-93e0fd0a3fad}</UniqueIdentifier>
    </Filter>
    <Filter Include="Source\InfectedCity\00.GameObjects\Boss">
      <UniqueIdentifier>{348a37d6-943b-4924-98a5-3035166612d7}</UniqueIdentifier>
    </Filter>
    <Filter Include="Source\InfectedCity\00.GameObjects\Boss\BossSphere">
      <UniqueIdentifier>{1d0c0e87-7071-46bb-b0df-8aef9b4e5ba5}</UniqueIdentifier>
    </Filter>
    <Filter Include="Source\InfectedCity\00.GameObjects\Boss\Pattern">
      <UniqueIdentifier>{a5f2de76-e092-475f-b5a0-76c33eaca89c}</UniqueIdentifier>
    </Filter>
    <Filter Include="Source\InfectedCity\00.GameObjects\Boss\EffectManager">
      <UniqueIdentifier>{c44c7020-68e2-4279-a674-829e17250b2a}</UniqueIdentifier>
    </Filter>
    <Filter Include="Source\InfectedCity\00.GameObjects\Boss\Interface">
      <UniqueIdentifier>{14ab280e-0e51-48cb-8839-a0f6200466ec}</UniqueIdentifier>
    </Filter>
    <Filter Include="Source\InfectedCity\00.GameObjects\Boss\EffectManager\DataAsset">
      <UniqueIdentifier>{d346e63a-c35e-40ae-bdcd-8f00bf225ef8}</UniqueIdentifier>
    </Filter>
    <Filter Include="Source\InfectedCity\01.Utility\Spawner">
      <UniqueIdentifier>{e5708dac-88c2-43bc-a097-d28fb88fd104}</UniqueIdentifier>
    </Filter>
  </ItemGroup>
  <ItemGroup>
    <Filter Include="Source\InfectedCity\99.Default">
      <UniqueIdentifier>{51b8d81d-fa55-4231-a9c2-6eb5ef4658d5}</UniqueIdentifier>
    </Filter>
    <Filter Include="Source\InfectedCity\00.GameObjects">
      <UniqueIdentifier>{c5b7cc7b-66ae-4df2-ad89-f35f3577d8f1}</UniqueIdentifier>
    </Filter>
    <Filter Include="Source\InfectedCity\01.Utility">
      <UniqueIdentifier>{d58a9410-a29e-4b80-826f-dee37560b0e2}</UniqueIdentifier>
    </Filter>
    <Filter Include="Source\InfectedCity\01.Utility\InteractManager">
      <UniqueIdentifier>{4B7F3AD4-DF20-3349-B731-6914AEB63CE1}</UniqueIdentifier>
    </Filter>
    <Filter Include="Source\InfectedCity\00.GameObjects\Interactable">
      <UniqueIdentifier>{CCAF119F-B43C-3D07-9E1B-4C58BB189CCD}</UniqueIdentifier>
    </Filter>
    <Filter Include="Source\InfectedCity\00.GameObjects\Interactable\Light">
      <UniqueIdentifier>{1CEB2536-3201-3557-A5CB-0E26A6BEFC68}</UniqueIdentifier>
    </Filter>
    <Filter Include="Source\InfectedCity\00.GameObjects\PlayerCharacter">
      <UniqueIdentifier>{927a5d17-af7b-45e3-ad53-165b31f7c325}</UniqueIdentifier>
    </Filter>
    <Filter Include="Source\InfectedCity\00.GameObjects\EnemyCharacter">
      <UniqueIdentifier>{237c0811-96d8-422e-8702-0f835c773221}</UniqueIdentifier>
    </Filter>
    <Filter Include="Source\InfectedCity\01.Utility\GameMode">
      <UniqueIdentifier>{a5ce5cf9-c3d9-42ef-8e44-e7e6318e4616}</UniqueIdentifier>
    </Filter>
    <Filter Include="Source\InfectedCity\01.Utility\GameInstance">
      <UniqueIdentifier>{08144773-61dc-4882-88b2-a673be5c5673}</UniqueIdentifier>
    </Filter>
    <Filter Include="Source\InfectedCity\01.Utility\GameState">
      <UniqueIdentifier>{d58eb479-5052-42df-ae58-b9d3c1262e04}</UniqueIdentifier>
    </Filter>
    <Filter Include="Source\InfectedCity\01.Utility\PlayerController">
      <UniqueIdentifier>{8c65e6e3-ad32-4f2b-85c5-cafca06edcd0}</UniqueIdentifier>
    </Filter>
  </ItemGroup>
  <ItemGroup>
    <ClCompile Include="..\..\Source\InfectedCity\InfectedCity.cpp">
      <Filter>Source\InfectedCity\99.Default</Filter>
    </ClCompile>
    <ClCompile Include="..\..\Source\InfectedCity\InfectedCity.h">
      <Filter>Source\InfectedCity\99.Default</Filter>
    </ClCompile>
    <ClCompile Include="..\..\Source\InfectedCity\InfectedCityCharacter.cpp">
      <Filter>Source\InfectedCity\99.Default</Filter>
    </ClCompile>
    <ClCompile Include="..\..\Source\InfectedCity\InfectedCityCharacter.h">
      <Filter>Source\InfectedCity\99.Default</Filter>
    </ClCompile>
    <ClCompile Include="..\..\Source\InfectedCity\InfectedCityGameMode.cpp">
      <Filter>Source\InfectedCity\99.Default</Filter>
    </ClCompile>
    <ClCompile Include="..\..\Source\InfectedCity\InfectedCityGameMode.h">
      <Filter>Source\InfectedCity\99.Default</Filter>
    </ClCompile>
    <ClCompile Include="..\..\Source\InfectedCity\Public\InteractManager\InteractManager.h">
      <Filter>Source\InfectedCity\01.Utility\InteractManager</Filter>
    </ClCompile>
    <ClCompile Include="..\..\Source\InfectedCity\Public\Interactable\Interactable.h">
      <Filter>Source\InfectedCity\00.GameObjects\Interactable</Filter>
    </ClCompile>
    <ClCompile Include="..\..\Source\InfectedCity\Public\Interactable\Light\InteractLight.h">
      <Filter>Source\InfectedCity\00.GameObjects\Interactable\Light</Filter>
    </ClCompile>
    <ClCompile Include="..\..\Source\InfectedCity\Public\PlayerCharacter.h">
      <Filter>Source\InfectedCity\00.GameObjects\PlayerCharacter</Filter>
    </ClCompile>
    <ClCompile Include="..\..\Source\InfectedCity\Private\PlayerCharacter.cpp">
      <Filter>Source\InfectedCity\00.GameObjects\PlayerCharacter</Filter>
    </ClCompile>
    <ClCompile Include="..\..\Source\InfectedCity\Private\EnemyCharacter.cpp">
      <Filter>Source\InfectedCity\00.GameObjects\EnemyCharacter</Filter>
    </ClCompile>
    <ClCompile Include="..\..\Source\InfectedCity\Public\EnemyCharacter.h">
      <Filter>Source\InfectedCity\00.GameObjects\EnemyCharacter</Filter>
    </ClCompile>
    <ClCompile Include="..\..\Source\InfectedCity\Public\MyGameMode.h">
      <Filter>Source\InfectedCity\01.Utility\GameMode</Filter>
    </ClCompile>
    <ClCompile Include="..\..\Source\InfectedCity\Private\MyGameMode.cpp">
      <Filter>Source\InfectedCity\01.Utility\GameMode</Filter>
    </ClCompile>
    <ClCompile Include="..\..\Source\InfectedCity\Public\InfectedCityGameInstance.h">
      <Filter>Source\InfectedCity\01.Utility\GameInstance</Filter>
    </ClCompile>
    <ClCompile Include="..\..\Source\InfectedCity\Private\InfectedCityGameInstance.cpp">
      <Filter>Source\InfectedCity\01.Utility\GameInstance</Filter>
    </ClCompile>
    <ClCompile Include="..\..\Source\InfectedCity\Public\InfectedCityGameState.h">
      <Filter>Source\InfectedCity\01.Utility\GameState</Filter>
    </ClCompile>
    <ClCompile Include="..\..\Source\InfectedCity\Private\InfectedCityGameState.cpp">
      <Filter>Source\InfectedCity\01.Utility\GameState</Filter>
    </ClCompile>
    <ClCompile Include="..\..\Source\InfectedCity\Public\InfectedCityPlayerController.h">
      <Filter>Source\InfectedCity\01.Utility\PlayerController</Filter>
    </ClCompile>
    <ClCompile Include="..\..\Source\InfectedCity\Private\InfectedCityPlayerController.cpp">
      <Filter>Source\InfectedCity\01.Utility\PlayerController</Filter>
    </ClCompile>
    <ClCompile Include="..\..\Source\InfectedCity\Public\EnemyEffectManager.h">
      <Filter>Source\InfectedCity\01.Utility\EnemyEffectManager</Filter>
    </ClCompile>
    <ClCompile Include="..\..\Source\InfectedCity\Private\EnemyEffectManager.cpp">
      <Filter>Source\InfectedCity\01.Utility\EnemyEffectManager</Filter>
    </ClCompile>
    <ClCompile Include="..\..\Source\InfectedCity\Public\WeaponBase.h">
      <Filter>Source\InfectedCity\00.GameObjects\Weapon</Filter>
    </ClCompile>
    <ClCompile Include="..\..\Source\InfectedCity\Private\WeaponBase.cpp">
      <Filter>Source\InfectedCity\00.GameObjects\Weapon</Filter>
    </ClCompile>
    <ClCompile Include="..\..\Source\InfectedCity\Public\AkWeapon.h">
      <Filter>Source\InfectedCity\00.GameObjects\Weapon\AKWeapon</Filter>
    </ClCompile>
    <ClCompile Include="..\..\Source\InfectedCity\Private\AkWeapon.cpp">
      <Filter>Source\InfectedCity\00.GameObjects\Weapon\AKWeapon</Filter>
    </ClCompile>
    <ClCompile Include="..\..\Source\InfectedCity\Private\HUDWidget.cpp">
      <Filter>Source\InfectedCity\00.GameObjects\UI</Filter>
    </ClCompile>
    <ClCompile Include="..\..\Source\InfectedCity\Public\EffectManager.h">
      <Filter>Source\InfectedCity\01.Utility\Effects\Manager</Filter>
    </ClCompile>
    <ClCompile Include="..\..\Source\InfectedCity\Private\EffectManager.cpp">
      <Filter>Source\InfectedCity\01.Utility\Effects\Manager</Filter>
    </ClCompile>
    <ClCompile Include="..\..\Source\InfectedCity\Public\OutlineComponent.h">
      <Filter>Source\InfectedCity\01.Utility\Effects\Outline</Filter>
    </ClCompile>
    <ClCompile Include="..\..\Source\InfectedCity\Private\OutlineComponent.cpp">
      <Filter>Source\InfectedCity\01.Utility\Effects\Outline</Filter>
    </ClCompile>
    <ClCompile Include="..\..\Source\InfectedCity\Public\OutlinePostProcessShader.h">
      <Filter>Source\InfectedCity\01.Utility\Effects\Outline\Shader</Filter>
    </ClCompile>
    <ClCompile Include="..\..\Source\InfectedCity\Private\OutlinePostProcessShader.cpp">
      <Filter>Source\InfectedCity\01.Utility\Effects\Outline\Shader</Filter>
    </ClCompile>
    <ClCompile Include="..\..\Source\InfectedCity\Public\HUDWidget.h">
      <Filter>Source\InfectedCity\00.GameObjects\UI</Filter>
    </ClCompile>
    <ClCompile Include="..\..\Source\InfectedCity\Private\Bullet.cpp">
      <Filter>Source\InfectedCity\00.GameObjects\Weapon\Bullet</Filter>
    </ClCompile>
    <ClCompile Include="..\..\Source\InfectedCity\Public\Bullet.h">
      <Filter>Source\InfectedCity\00.GameObjects\Weapon\Bullet</Filter>
    </ClCompile>
    <ClCompile Include="..\..\Source\InfectedCity\Private\MyUserWidget.cpp">
      <Filter>Source\InfectedCity\00.GameObjects\UI</Filter>
    </ClCompile>
    <ClCompile Include="..\..\Source\InfectedCity\Public\MyUserWidget.h">
      <Filter>Source\InfectedCity\00.GameObjects\UI</Filter>
    </ClCompile>
    <ClCompile Include="..\..\Source\InfectedCity\Public\GN_Character.h">
      <Filter>Source\InfectedCity\00.GameObjects\EnemyCharacter\Zombie</Filter>
    </ClCompile>
    <ClCompile Include="..\..\Source\InfectedCity\Private\GN_AIController.cpp">
      <Filter>Source\InfectedCity\00.GameObjects\EnemyCharacter\Zombie</Filter>
    </ClCompile>
    <ClCompile Include="..\..\Source\InfectedCity\Public\GN_AIController.h">
      <Filter>Source\InfectedCity\00.GameObjects\EnemyCharacter\Zombie</Filter>
    </ClCompile>
    <ClCompile Include="..\..\Source\InfectedCity\Private\GN_AnimInstance.cpp">
      <Filter>Source\InfectedCity\00.GameObjects\EnemyCharacter\Zombie</Filter>
    </ClCompile>
    <ClCompile Include="..\..\Source\InfectedCity\Public\GN_AnimInstance.h">
      <Filter>Source\InfectedCity\00.GameObjects\EnemyCharacter\Zombie</Filter>
    </ClCompile>
    <ClCompile Include="..\..\Source\InfectedCity\Private\GN_Character.cpp">
      <Filter>Source\InfectedCity\00.GameObjects\EnemyCharacter\Zombie</Filter>
    </ClCompile>
    <ClCompile Include="..\..\Source\InfectedCity\Public\CustomSpline.h">
      <Filter>Source\InfectedCity\01.Utility\PCG\Spline</Filter>
    </ClCompile>
    <ClCompile Include="..\..\Source\InfectedCity\Private\CustomSpline.cpp">
      <Filter>Source\InfectedCity\01.Utility\PCG\Spline</Filter>
    </ClCompile>
    <ClCompile Include="..\..\Source\InfectedCity\Public\GameHUD.h">
      <Filter>Source\InfectedCity\00.GameObjects\UI</Filter>
    </ClCompile>
    <ClCompile Include="..\..\Source\InfectedCity\Private\GameHUD.cpp">
      <Filter>Source\InfectedCity\00.GameObjects\UI</Filter>
    </ClCompile>
    <ClCompile Include="..\..\Source\InfectedCity\Public\CustomHUD.h">
      <Filter>Source\InfectedCity\00.GameObjects\UI</Filter>
    </ClCompile>
    <ClCompile Include="..\..\Source\InfectedCity\Private\CustomHUD.cpp">
      <Filter>Source\InfectedCity\00.GameObjects\UI</Filter>
    </ClCompile>
    <ClCompile Include="..\..\Source\InfectedCity\Public\Bandage.h">
      <Filter>Source\InfectedCity\00.GameObjects\Item\Bandage</Filter>
    </ClCompile>
    <ClCompile Include="..\..\Source\InfectedCity\Private\Bandage.cpp">
      <Filter>Source\InfectedCity\00.GameObjects\Item\Bandage</Filter>
    </ClCompile>
    <ClCompile Include="..\..\Source\InfectedCity\Public\ItemBase.h">
      <Filter>Source\InfectedCity\00.GameObjects\Item\Interface</Filter>
    </ClCompile>
    <ClCompile Include="..\..\Source\InfectedCity\Private\ItemBase.cpp">
      <Filter>Source\InfectedCity\00.GameObjects\Item\Interface</Filter>
    </ClCompile>
    <ClCompile Include="..\..\Source\InfectedCity\Public\BaseItem.h">
      <Filter>Source\InfectedCity\00.GameObjects\Item</Filter>
    </ClCompile>
    <ClCompile Include="..\..\Source\InfectedCity\Private\BaseItem.cpp">
      <Filter>Source\InfectedCity\00.GameObjects\Item</Filter>
    </ClCompile>
    <ClCompile Include="..\..\Source\InfectedCity\Private\Pill.cpp">
      <Filter>Source\InfectedCity\00.GameObjects\Item\Pill</Filter>
    </ClCompile>
    <ClCompile Include="..\..\Source\InfectedCity\Public\Pill.h">
      <Filter>Source\InfectedCity\00.GameObjects\Item\Pill</Filter>
    </ClCompile>
    <ClCompile Include="..\..\Source\InfectedCity\Public\MainMenuGameMode.h">
      <Filter>Source\InfectedCity\99.Default</Filter>
    </ClCompile>
    <ClCompile Include="..\..\Source\InfectedCity\Private\MainMenuGameMode.cpp">
      <Filter>Source\InfectedCity\99.Default</Filter>
    </ClCompile>
    <ClCompile Include="..\..\Source\InfectedCity\Public\MenuWidget.h">
      <Filter>Source\InfectedCity\00.GameObjects\UI</Filter>
    </ClCompile>
    <ClCompile Include="..\..\Source\InfectedCity\Private\MenuWidget.cpp">
      <Filter>Source\InfectedCity\00.GameObjects\UI</Filter>
    </ClCompile>
    <ClCompile Include="..\..\Source\InfectedCity\Public\State.h">
      <Filter>Source\InfectedCity\99.Default</Filter>
    </ClCompile>
    <ClCompile Include="..\..\Source\InfectedCity\Private\State.cpp">
      <Filter>Source\InfectedCity\99.Default</Filter>
    </ClCompile>
    <ClCompile Include="..\..\Source\InfectedCity\Public\BaseMagazine.h">
      <Filter>Source\InfectedCity\99.Default</Filter>
    </ClCompile>
    <ClCompile Include="..\..\Source\InfectedCity\Private\BaseMagazine.cpp">
      <Filter>Source\InfectedCity\99.Default</Filter>
    </ClCompile>
    <ClCompile Include="..\..\Source\InfectedCity\Public\ProceduralGenerationCity.h">
      <Filter>Source\InfectedCity\99.Default</Filter>
    </ClCompile>
    <ClCompile Include="..\..\Source\InfectedCity\Private\ProceduralGenerationCity.cpp">
      <Filter>Source\InfectedCity\99.Default</Filter>
    </ClCompile>
    <ClCompile Include="..\..\Source\InfectedCity\Private\Boss.cpp">
      <Filter>Source\InfectedCity\00.GameObjects\Boss</Filter>
    </ClCompile>
    <ClCompile Include="..\..\Source\InfectedCity\Public\Boss.h">
      <Filter>Source\InfectedCity\00.GameObjects\Boss</Filter>
    </ClCompile>
    <ClCompile Include="..\..\Source\InfectedCity\Public\BossSphere.h">
      <Filter>Source\InfectedCity\00.GameObjects\Boss\BossSphere</Filter>
    </ClCompile>
    <ClCompile Include="..\..\Source\InfectedCity\Private\BossSphere.cpp">
      <Filter>Source\InfectedCity\00.GameObjects\Boss\BossSphere</Filter>
    </ClCompile>
    <ClCompile Include="..\..\Source\InfectedCity\Public\BossPattern.h">
      <Filter>Source\InfectedCity\00.GameObjects\Boss\Pattern</Filter>
    </ClCompile>
    <ClCompile Include="..\..\Source\InfectedCity\Private\BossPattern.cpp">
      <Filter>Source\InfectedCity\00.GameObjects\Boss\Pattern</Filter>
    </ClCompile>
    <ClCompile Include="..\..\Source\InfectedCity\Public\BossEffectManager.h">
      <Filter>Source\InfectedCity\00.GameObjects\Boss\EffectManager</Filter>
    </ClCompile>
    <ClCompile Include="..\..\Source\InfectedCity\Private\BossEffectManager.cpp">
      <Filter>Source\InfectedCity\00.GameObjects\Boss\EffectManager</Filter>
    </ClCompile>
    <ClCompile Include="..\..\Source\InfectedCity\Public\BossObserverInterface.h">
      <Filter>Source\InfectedCity\00.GameObjects\Boss\Interface</Filter>
    </ClCompile>
    <ClCompile Include="..\..\Source\InfectedCity\Private\BossObserverInterface.cpp">
      <Filter>Source\InfectedCity\00.GameObjects\Boss\Interface</Filter>
    </ClCompile>
    <ClCompile Include="..\..\Source\InfectedCity\Public\BossEffectDataAsset.h">
      <Filter>Source\InfectedCity\00.GameObjects\Boss\EffectManager\DataAsset</Filter>
    </ClCompile>
    <ClCompile Include="..\..\Source\InfectedCity\Private\BossEffectDataAsset.cpp">
      <Filter>Source\InfectedCity\00.GameObjects\Boss\EffectManager\DataAsset</Filter>
    </ClCompile>
    <ClCompile Include="..\..\Source\InfectedCity\Private\MobSpawner.cpp">
      <Filter>Source\InfectedCity\01.Utility\Spawner</Filter>
    </ClCompile>
  </ItemGroup>
  <ItemGroup>
    <None Include="..\..\InfectedCity.uproject" />
    <None Include="..\..\.editorconfig" />
    <None Include="..\..\.gitattributes" />
    <None Include="..\..\.gitignore" />
    <None Include="..\..\.vsconfig" />
    <None Include="..\..\BackupFilter.bat" />
    <None Include="..\..\RestoreFilter.bat" />
    <None Include="..\..\shadertoolsconfig.json" />
    <None Include="..\..\Shaders\OutlineShader.usf" />
    <None Include="..\..\UpgradeLog.htm" />
    <None Include="..\..\Config\DefaultHoldoutComposite.ini" />
  </ItemGroup>
  <ItemGroup>
    <ClInclude Include="..\..\Source\InfectedCity\Public\MobSpawner.h">
      <Filter>Source\InfectedCity\01.Utility\Spawner</Filter>
    </ClInclude>
  </ItemGroup>
</Project>